<?xml version="1.0" encoding="utf-8"?>
<Project ToolsVersion="4.0" xmlns="http://schemas.microsoft.com/developer/msbuild/2003">
  <ItemGroup>
    <Filter Include="ソース ファイル">
      <UniqueIdentifier>{4FC737F1-C7A5-4376-A066-2A32D752A2FF}</UniqueIdentifier>
      <Extensions>cpp;c;cc;cxx;c++;cppm;ixx;def;odl;idl;hpj;bat;asm;asmx</Extensions>
    </Filter>
    <Filter Include="ヘッダー ファイル">
      <UniqueIdentifier>{93995380-89BD-4b04-88EB-625FBE52EBFB}</UniqueIdentifier>
      <Extensions>h;hh;hpp;hxx;h++;hm;inl;inc;ipp;xsd</Extensions>
    </Filter>
    <Filter Include="リソース ファイル">
      <UniqueIdentifier>{67DA6AB6-F800-4c08-8B7A-83BB121AAD01}</UniqueIdentifier>
      <Extensions>rc;ico;cur;bmp;dlg;rc2;rct;bin;rgs;gif;jpg;jpeg;jpe;resx;tiff;tif;png;wav;mfcribbon-ms</Extensions>
    </Filter>
    <Filter Include="ソース ファイル\110_drawing_tool">
      <UniqueIdentifier>{2a8e7d91-1865-4968-8b3c-cad447e09f81}</UniqueIdentifier>
    </Filter>
    <Filter Include="ヘッダー ファイル\110_drawing_tool">
      <UniqueIdentifier>{093d6618-c512-4dd9-9bc9-cfc5a7b637d1}</UniqueIdentifier>
    </Filter>
    <Filter Include="ソース ファイル\120_game_scene">
      <UniqueIdentifier>{61bc525f-5cfa-4400-87ef-cec3a21e476d}</UniqueIdentifier>
    </Filter>
    <Filter Include="ヘッダー ファイル\120_game_scene">
      <UniqueIdentifier>{9f445667-8381-4f7b-ae31-9c972de9e459}</UniqueIdentifier>
    </Filter>
    <Filter Include="ソース ファイル\130_data_manager">
      <UniqueIdentifier>{99d8ad24-ab68-4562-8805-91eeafcd9ae1}</UniqueIdentifier>
    </Filter>
    <Filter Include="ヘッダー ファイル\130_data_manager">
      <UniqueIdentifier>{c77dac67-6e8c-4ed5-925f-b1bfccf31097}</UniqueIdentifier>
    </Filter>
    <Filter Include="ソース ファイル\130_data_manager\131_character">
      <UniqueIdentifier>{ac40d1ed-9d18-41d9-9ab5-2d8b8bfde571}</UniqueIdentifier>
    </Filter>
    <Filter Include="ソース ファイル\130_data_manager\132_shot">
      <UniqueIdentifier>{5a233fcd-9645-43fe-9e6f-9a2871ffe6e3}</UniqueIdentifier>
    </Filter>
    <Filter Include="ソース ファイル\130_data_manager\133_music">
      <UniqueIdentifier>{7cfb9f74-ec3f-4753-b978-956ebeb98e10}</UniqueIdentifier>
    </Filter>
    <Filter Include="ソース ファイル\130_data_manager\134_other">
      <UniqueIdentifier>{263ff610-759a-4a37-a1cc-9e284e9fa68c}</UniqueIdentifier>
    </Filter>
    <Filter Include="ヘッダー ファイル\130_data_manager\131_character">
      <UniqueIdentifier>{0b610ab9-3992-46df-a65f-5034f43e9dc6}</UniqueIdentifier>
    </Filter>
    <Filter Include="ヘッダー ファイル\130_data_manager\132_shot">
      <UniqueIdentifier>{7c2e56ae-1c31-44e0-8f3f-be3fcaf36b5d}</UniqueIdentifier>
    </Filter>
    <Filter Include="ヘッダー ファイル\130_data_manager\133_music">
      <UniqueIdentifier>{957899a1-9739-477c-bca8-1f8ba3677059}</UniqueIdentifier>
    </Filter>
    <Filter Include="ヘッダー ファイル\130_data_manager\134_other">
      <UniqueIdentifier>{7321e079-f184-4445-8ec0-77fdb1f81b3a}</UniqueIdentifier>
    </Filter>
    <Filter Include="ソース ファイル\140_roading_from_other">
      <UniqueIdentifier>{843e436a-ebcc-452e-8c55-b362a6ede523}</UniqueIdentifier>
    </Filter>
    <Filter Include="ヘッダー ファイル\140_roading_from_other">
      <UniqueIdentifier>{72a41493-8382-4ce9-b55f-afabbb4ede33}</UniqueIdentifier>
    </Filter>
    <Filter Include="ソース ファイル\150_effect">
      <UniqueIdentifier>{7f56d6cb-7e4c-46be-9ce3-b11a00588150}</UniqueIdentifier>
    </Filter>
    <Filter Include="ヘッダー ファイル\150_effect">
      <UniqueIdentifier>{903fefed-b4e6-47ad-aa89-1cf4e099e7c4}</UniqueIdentifier>
    </Filter>
    <Filter Include="ソース ファイル\150_effect\151_player">
      <UniqueIdentifier>{b138c1f0-33d0-41ae-91b8-4dc371b7d7e9}</UniqueIdentifier>
    </Filter>
    <Filter Include="ヘッダー ファイル\150_effect\151_player">
      <UniqueIdentifier>{0da939f7-8cf2-4773-9008-8e0967e6afef}</UniqueIdentifier>
    </Filter>
  </ItemGroup>
  <ItemGroup>
    <ClCompile Include="100_source\main.cpp">
      <Filter>ソース ファイル</Filter>
    </ClCompile>
    <ClCompile Include="100_source\110_drawing_tools\alpha_node.cpp">
      <Filter>ソース ファイル\110_drawing_tool</Filter>
    </ClCompile>
    <ClCompile Include="100_source\110_drawing_tools\camera.cpp">
      <Filter>ソース ファイル\110_drawing_tool</Filter>
    </ClCompile>
    <ClCompile Include="100_source\110_drawing_tools\graph_node.cpp">
      <Filter>ソース ファイル\110_drawing_tool</Filter>
    </ClCompile>
    <ClCompile Include="100_source\110_drawing_tools\inputer.cpp">
      <Filter>ソース ファイル\110_drawing_tool</Filter>
    </ClCompile>
    <ClCompile Include="100_source\110_drawing_tools\line_node.cpp">
      <Filter>ソース ファイル\110_drawing_tool</Filter>
    </ClCompile>
    <ClCompile Include="100_source\110_drawing_tools\node.cpp">
      <Filter>ソース ファイル\110_drawing_tool</Filter>
    </ClCompile>
    <ClCompile Include="100_source\110_drawing_tools\scene_manager.cpp">
      <Filter>ソース ファイル\110_drawing_tool</Filter>
    </ClCompile>
    <ClCompile Include="100_source\110_drawing_tools\text_node.cpp">
      <Filter>ソース ファイル\110_drawing_tool</Filter>
    </ClCompile>
    <ClCompile Include="100_source\110_drawing_tools\time.cpp">
      <Filter>ソース ファイル\110_drawing_tool</Filter>
    </ClCompile>
    <ClCompile Include="100_source\110_drawing_tools\tool.cpp">
      <Filter>ソース ファイル\110_drawing_tool</Filter>
    </ClCompile>
    <ClCompile Include="100_source\110_drawing_tools\Vector2.cpp">
      <Filter>ソース ファイル\110_drawing_tool</Filter>
    </ClCompile>
    <ClCompile Include="100_source\110_drawing_tools\vector3.cpp">
      <Filter>ソース ファイル\110_drawing_tool</Filter>
    </ClCompile>
    <ClCompile Include="100_source\120_game_scene\background_node.cpp">
      <Filter>ソース ファイル\120_game_scene</Filter>
    </ClCompile>
    <ClCompile Include="100_source\120_game_scene\config_scene.cpp">
      <Filter>ソース ファイル\120_game_scene</Filter>
    </ClCompile>
    <ClCompile Include="100_source\120_game_scene\game_scene.cpp">
      <Filter>ソース ファイル\120_game_scene</Filter>
    </ClCompile>
    <ClCompile Include="100_source\120_game_scene\result_scene.cpp">
      <Filter>ソース ファイル\120_game_scene</Filter>
    </ClCompile>
    <ClCompile Include="100_source\120_game_scene\top_scene.cpp">
      <Filter>ソース ファイル\120_game_scene</Filter>
    </ClCompile>
    <ClCompile Include="100_source\130_data_manager\131_character\enemy_manager.cpp">
      <Filter>ソース ファイル\130_data_manager\131_character</Filter>
    </ClCompile>
    <ClCompile Include="100_source\130_data_manager\131_character\enemy_object.cpp">
      <Filter>ソース ファイル\130_data_manager\131_character</Filter>
    </ClCompile>
    <ClCompile Include="100_source\130_data_manager\131_character\object_common.cpp">
      <Filter>ソース ファイル\130_data_manager\131_character</Filter>
    </ClCompile>
    <ClCompile Include="100_source\130_data_manager\131_character\player_object.cpp">
      <Filter>ソース ファイル\130_data_manager\131_character</Filter>
    </ClCompile>
    <ClCompile Include="100_source\130_data_manager\132_shots\shot_manager.cpp">
      <Filter>ソース ファイル\130_data_manager\132_shot</Filter>
    </ClCompile>
    <ClCompile Include="100_source\130_data_manager\132_shots\shot_object.cpp">
      <Filter>ソース ファイル\130_data_manager\132_shot</Filter>
    </ClCompile>
    <ClCompile Include="100_source\130_data_manager\133_music\music_manager.cpp">
      <Filter>ソース ファイル\130_data_manager\133_music</Filter>
    </ClCompile>
    <ClCompile Include="100_source\130_data_manager\134_other\configs_manager.cpp">
      <Filter>ソース ファイル\130_data_manager\134_other</Filter>
    </ClCompile>
    <ClCompile Include="100_source\130_data_manager\134_other\score_manager.cpp">
      <Filter>ソース ファイル\130_data_manager\134_other</Filter>
    </ClCompile>
    <ClCompile Include="100_source\140_roading_from_other\file_roader.cpp">
      <Filter>ソース ファイル\140_roading_from_other</Filter>
    </ClCompile>
    <ClCompile Include="100_source\150_effect\151_player\player_effect.cpp">
      <Filter>ソース ファイル\150_effect\151_player</Filter>
    </ClCompile>
    <ClCompile Include="100_source\150_effect\field_effect.cpp">
      <Filter>ソース ファイル\150_effect</Filter>
    </ClCompile>
    <ClCompile Include="100_source\120_game_scene\menu_scene.cpp">
      <Filter>ソース ファイル\120_game_scene</Filter>
    </ClCompile>
    <ClCompile Include="100_source\130_data_manager\134_other\txt_font_manager.cpp">
      <Filter>ソース ファイル\130_data_manager\134_other</Filter>
    </ClCompile>
    <ClCompile Include="100_source\140_roading_from_other\graph_roader.cpp">
      <Filter>ソース ファイル\140_roading_from_other</Filter>
    </ClCompile>
    <ClCompile Include="100_source\130_data_manager\134_other\window_manager.cpp">
      <Filter>ソース ファイル\130_data_manager\134_other</Filter>
    </ClCompile>
    <ClCompile Include="100_source\110_drawing_tools\box_node.cpp">
      <Filter>ソース ファイル\110_drawing_tool</Filter>
    </ClCompile>
    <ClCompile Include="100_source\130_data_manager\134_other\color_manager.cpp">
      <Filter>ソース ファイル\130_data_manager\134_other</Filter>
    </ClCompile>
    <ClCompile Include="100_source\110_drawing_tools\circle_node.cpp">
      <Filter>ソース ファイル\110_drawing_tool</Filter>
    </ClCompile>
    <ClCompile Include="100_source\150_effect\151_player\effect_dot.cpp">
      <Filter>ソース ファイル</Filter>
    </ClCompile>
  </ItemGroup>
  <ItemGroup>
    <ClInclude Include="100_source\110_drawing_tools\alpha_node.h">
      <Filter>ヘッダー ファイル\110_drawing_tool</Filter>
    </ClInclude>
    <ClInclude Include="100_source\110_drawing_tools\camera.h">
      <Filter>ヘッダー ファイル\110_drawing_tool</Filter>
    </ClInclude>
    <ClInclude Include="100_source\110_drawing_tools\graph_node.h">
      <Filter>ヘッダー ファイル\110_drawing_tool</Filter>
    </ClInclude>
    <ClInclude Include="100_source\110_drawing_tools\inputer.h">
      <Filter>ヘッダー ファイル\110_drawing_tool</Filter>
    </ClInclude>
    <ClInclude Include="100_source\110_drawing_tools\line_node.h">
      <Filter>ヘッダー ファイル\110_drawing_tool</Filter>
    </ClInclude>
    <ClInclude Include="100_source\110_drawing_tools\node.h">
      <Filter>ヘッダー ファイル\110_drawing_tool</Filter>
    </ClInclude>
    <ClInclude Include="100_source\110_drawing_tools\scene.h">
      <Filter>ヘッダー ファイル\110_drawing_tool</Filter>
    </ClInclude>
    <ClInclude Include="100_source\110_drawing_tools\scene_manager.h">
      <Filter>ヘッダー ファイル\110_drawing_tool</Filter>
    </ClInclude>
    <ClInclude Include="100_source\110_drawing_tools\text_node.h">
      <Filter>ヘッダー ファイル\110_drawing_tool</Filter>
    </ClInclude>
    <ClInclude Include="100_source\110_drawing_tools\time.h">
      <Filter>ヘッダー ファイル\110_drawing_tool</Filter>
    </ClInclude>
    <ClInclude Include="100_source\110_drawing_tools\tool.h">
      <Filter>ヘッダー ファイル\110_drawing_tool</Filter>
    </ClInclude>
    <ClInclude Include="100_source\110_drawing_tools\Vector2.h">
      <Filter>ヘッダー ファイル\110_drawing_tool</Filter>
    </ClInclude>
    <ClInclude Include="100_source\110_drawing_tools\vector3.h">
      <Filter>ヘッダー ファイル\110_drawing_tool</Filter>
    </ClInclude>
    <ClInclude Include="100_source\120_game_scene\config_scene.h">
      <Filter>ヘッダー ファイル\120_game_scene</Filter>
    </ClInclude>
    <ClInclude Include="100_source\120_game_scene\game_scene.h">
      <Filter>ヘッダー ファイル\120_game_scene</Filter>
    </ClInclude>
    <ClInclude Include="100_source\120_game_scene\result_scene.h">
      <Filter>ヘッダー ファイル\120_game_scene</Filter>
    </ClInclude>
    <ClInclude Include="100_source\120_game_scene\top_scene.h">
      <Filter>ヘッダー ファイル\120_game_scene</Filter>
    </ClInclude>
    <ClInclude Include="100_source\130_data_manager\131_character\enemy_manager.h">
      <Filter>ヘッダー ファイル\130_data_manager\131_character</Filter>
    </ClInclude>
    <ClInclude Include="100_source\130_data_manager\131_character\enemy_object.h">
      <Filter>ヘッダー ファイル\130_data_manager\131_character</Filter>
    </ClInclude>
    <ClInclude Include="100_source\130_data_manager\131_character\object_common.h">
      <Filter>ヘッダー ファイル\130_data_manager\131_character</Filter>
    </ClInclude>
    <ClInclude Include="100_source\130_data_manager\131_character\player_object.h">
      <Filter>ヘッダー ファイル\130_data_manager\131_character</Filter>
    </ClInclude>
    <ClInclude Include="100_source\130_data_manager\132_shots\shot_booker.h">
      <Filter>ヘッダー ファイル\130_data_manager\132_shot</Filter>
    </ClInclude>
    <ClInclude Include="100_source\130_data_manager\132_shots\shot_manager.h">
      <Filter>ヘッダー ファイル\130_data_manager\132_shot</Filter>
    </ClInclude>
    <ClInclude Include="100_source\130_data_manager\132_shots\shot_object.h">
      <Filter>ヘッダー ファイル\130_data_manager\132_shot</Filter>
    </ClInclude>
    <ClInclude Include="100_source\130_data_manager\133_music\music_manager.h">
      <Filter>ヘッダー ファイル\130_data_manager\133_music</Filter>
    </ClInclude>
    <ClInclude Include="100_source\130_data_manager\134_other\configs_manager.h">
      <Filter>ヘッダー ファイル\130_data_manager\134_other</Filter>
    </ClInclude>
    <ClInclude Include="100_source\130_data_manager\134_other\score_manager.h">
      <Filter>ヘッダー ファイル\130_data_manager\134_other</Filter>
    </ClInclude>
    <ClInclude Include="100_source\140_roading_from_other\file_roader.h">
      <Filter>ヘッダー ファイル\140_roading_from_other</Filter>
    </ClInclude>
    <ClInclude Include="100_source\140_roading_from_other\sqlite3.h">
      <Filter>ヘッダー ファイル\140_roading_from_other</Filter>
    </ClInclude>
    <ClInclude Include="100_source\140_roading_from_other\sqlite3ext.h">
      <Filter>ヘッダー ファイル\140_roading_from_other</Filter>
    </ClInclude>
    <ClInclude Include="100_source\150_effect\151_player\player_effect.h">
      <Filter>ヘッダー ファイル\150_effect\151_player</Filter>
    </ClInclude>
    <ClInclude Include="100_source\150_effect\field_effect.h">
      <Filter>ヘッダー ファイル\150_effect</Filter>
    </ClInclude>
    <ClInclude Include="100_source\120_game_scene\background_node.h">
      <Filter>ヘッダー ファイル\120_game_scene</Filter>
    </ClInclude>
    <ClInclude Include="100_source\120_game_scene\menu_scene.h">
      <Filter>ヘッダー ファイル\120_game_scene</Filter>
    </ClInclude>
    <ClInclude Include="100_source\130_data_manager\134_other\txt_font_manager.h">
      <Filter>ヘッダー ファイル\130_data_manager\134_other</Filter>
    </ClInclude>
    <ClInclude Include="100_source\140_roading_from_other\graph_roader.h">
      <Filter>ヘッダー ファイル\140_roading_from_other</Filter>
    </ClInclude>
    <ClInclude Include="200_resource\250_other\resource.h">
      <Filter>ヘッダー ファイル</Filter>
    </ClInclude>
    <ClInclude Include="100_source\130_data_manager\134_other\window_manager.h">
      <Filter>ヘッダー ファイル\130_data_manager\134_other</Filter>
    </ClInclude>
    <ClInclude Include="100_source\110_drawing_tools\box_node.h">
      <Filter>ヘッダー ファイル\110_drawing_tool</Filter>
    </ClInclude>
    <ClInclude Include="100_source\110_drawing_tools\defining.h">
      <Filter>ヘッダー ファイル</Filter>
    </ClInclude>
    <ClInclude Include="100_source\130_data_manager\134_other\color_manager.h">
      <Filter>ヘッダー ファイル\130_data_manager\134_other</Filter>
    </ClInclude>
    <ClInclude Include="100_source\110_drawing_tools\circle_node.h">
      <Filter>ヘッダー ファイル\110_drawing_tool</Filter>
    </ClInclude>
    <ClInclude Include="100_source\150_effect\151_player\effect_dot.h">
      <Filter>ヘッダー ファイル</Filter>
    </ClInclude>
  </ItemGroup>
  <ItemGroup>
    <Library Include="100_source\140_roading_from_other\SQLite3.lib">
      <Filter>ソース ファイル\140_roading_from_other</Filter>
    </Library>
  </ItemGroup>
  <ItemGroup>
    <Image Include="200_resource\250_other\icon.ico">
      <Filter>リソース ファイル</Filter>
    </Image>
  </ItemGroup>
  <ItemGroup>
    <ResourceCompile Include="200_resource\250_other\resource.rc">
      <Filter>リソース ファイル</Filter>
    </ResourceCompile>
  </ItemGroup>
</Project>